
Microsoft Visual Studio Solution File, Format Version 12.00
# Visual Studio Version 17
VisualStudioVersion = 17.13.35806.99 d17.13
MinimumVisualStudioVersion = 10.0.40219.1
Project("{FAE04EC0-301F-11D3-BF4B-00C04F79EFBC}") = "conditional", "conditional.csproj", "{4C19F22B-7E70-4616-A954-9659B5B1E768}"
EndProject
Global
	GlobalSection(SolutionConfigurationPlatforms) = preSolution
		Debug|Any CPU = Debug|Any CPU
		Release|Any CPU = Release|Any CPU
	EndGlobalSection
	GlobalSection(ProjectConfigurationPlatforms) = postSolution
		{4C19F22B-7E70-4616-A954-9659B5B1E768}.Debug|Any CPU.ActiveCfg = Debug|Any CPU
		{4C19F22B-7E70-4616-A954-9659B5B1E768}.Debug|Any CPU.Build.0 = Debug|Any CPU
		{4C19F22B-7E70-4616-A954-9659B5B1E768}.Release|Any CPU.ActiveCfg = Release|Any CPU
		{4C19F22B-7E70-4616-A954-9659B5B1E768}.Release|Any CPU.Build.0 = Release|Any CPU
	EndGlobalSection
	GlobalSection(SolutionProperties) = preSolution
		HideSolutionNode = FALSE
	EndGlobalSection
	GlobalSection(ExtensibilityGlobals) = postSolution
		SolutionGuid = {54B37F02-20E3-4877-9C92-FAF8BD9736FB}
	EndGlobalSection
EndGlobal
